{
    "_readme": [
        "This file locks the dependencies of your project to a known state",
        "Read more about it at http://getcomposer.org/doc/01-basic-usage.md#composer-lock-the-lock-file"
    ],
    "hash": "e5e3565882c9e9aeeee42177172d72b6",
    "packages": [
        {
            "name": "bruensicke/li3_activities",
            "version": "dev-master",
            "source": {
                "type": "git",
                "url": "https://github.com/bruensicke/li3_activities.git",
                "reference": "1cfc6f906c0a73d2a6b0b02d2403c333374835a7"
            },
            "dist": {
                "type": "zip",
                "url": "https://api.github.com/repos/bruensicke/li3_activities/zipball/1cfc6f906c0a73d2a6b0b02d2403c333374835a7",
                "reference": "1cfc6f906c0a73d2a6b0b02d2403c333374835a7",
                "shasum": ""
            },
            "require": {
                "composer/installers": "*",
                "php": ">=5.3"
            },
            "suggest": {
                "UnionOfRAD/lithium": "Lithium is required for this plugin."
            },
            "type": "lithium-library",
            "notification-url": "https://packagist.org/downloads/",
            "license": [
                "BSD-3-Clause"
            ],
            "authors": [
                {
                    "name": "d1rk",
                    "email": "d1rk@gmx.de",
                    "homepage": "https://github.com/bruensicke"
                }
            ],
            "description": "activity logging for lithium",
            "homepage": "https://github.com/bruensicke/li3_activities/blob/master/README.md",
            "keywords": [
                "activity",
                "li3",
                "lithium",
                "logging"
            ],
            "time": "2013-05-05 19:11:51"
        },
        {
            "name": "composer/installers",
            "version": "dev-master",
            "source": {
                "type": "git",
                "url": "https://github.com/composer/installers.git",
                "reference": "04ae2b42384ed2f8d40263229530cabbaff3f930"
            },
            "dist": {
                "type": "zip",
                "url": "https://api.github.com/repos/composer/installers/zipball/04ae2b42384ed2f8d40263229530cabbaff3f930",
                "reference": "04ae2b42384ed2f8d40263229530cabbaff3f930",
                "shasum": ""
            },
            "replace": {
                "shama/baton": "*"
            },
            "require-dev": {
                "composer/composer": "1.0.*@dev",
                "phpunit/phpunit": "3.7.*"
            },
            "type": "composer-installer",
            "extra": {
                "class": "Composer\\Installers\\Installer",
                "branch-alias": {
                    "dev-master": "1.0-dev"
                }
            },
            "autoload": {
                "psr-0": {
                    "Composer\\Installers\\": "src/"
                }
            },
            "notification-url": "https://packagist.org/downloads/",
            "license": [
                "MIT"
            ],
            "authors": [
                {
                    "name": "Kyle Robinson Young",
                    "email": "kyle@dontkry.com",
                    "homepage": "https://github.com/shama",
                    "role": "Developer"
                }
            ],
            "description": "A multi-framework Composer library installer",
            "homepage": "http://composer.github.com/installers/",
            "keywords": [
                "TYPO3 Flow",
                "TYPO3 Neos",
                "agl",
                "cakephp",
                "codeigniter",
                "drupal",
                "fuelphp",
                "installer",
                "joomla",
                "kohana",
                "laravel",
                "li3",
                "lithium",
                "mako",
                "phpbb",
                "ppi",
                "silverstripe",
                "symfony",
                "wordpress",
                "zend"
            ],
            "time": "2013-05-30 16:23:29"
        },
        {
            "name": "daschl/li3_server",
            "version": "dev-master",
            "source": {
                "type": "git",
                "url": "https://github.com/daschl/li3_server.git",
                "reference": "1e46986de317fc3a28dd128ddff5f7705e99b082"
            },
            "dist": {
                "type": "zip",
                "url": "https://api.github.com/repos/daschl/li3_server/zipball/1e46986de317fc3a28dd128ddff5f7705e99b082",
                "reference": "1e46986de317fc3a28dd128ddff5f7705e99b082",
                "shasum": ""
            },
            "require": {
                "composer/installers": "dev-master",
                "php": "5.4.*"
            },
            "type": "lithium-library",
            "notification-url": "https://packagist.org/downloads/",
            "authors": [
                {
                    "name": "Michael Nitschinger",
                    "email": "michael@nitschinger.at",
                    "homepage": "http://nitschinger.at"
                }
            ],
            "description": "Booting Lithium from the CLI.",
            "homepage": "https://github.com/daschl/li3_server",
            "time": "2012-08-10 06:25:54"
        },
        {
            "name": "fzaninotto/faker",
            "version": "v1.1.0",
            "source": {
                "type": "git",
                "url": "https://github.com/fzaninotto/Faker",
                "reference": "v1.1.0"
            },
            "dist": {
                "type": "zip",
                "url": "https://github.com/fzaninotto/Faker/archive/v1.1.0.zip",
                "reference": "v1.1.0",
                "shasum": ""
            },
            "require": {
                "php": ">=5.3.3"
            },
            "type": "library",
            "extra": {
                "branch-alias": {
                    "dev-master": "1.1.x-dev"
                }
            },
            "autoload": {
                "psr-0": {
                    "Faker": "src/"
                }
            },
            "notification-url": "https://packagist.org/downloads/",
            "license": [
                "MIT"
            ],
            "authors": [
                {
                    "name": "François Zaninotto"
                }
            ],
            "description": "Faker is a PHP library that generates fake data for you.",
            "keywords": [
                "data",
                "faker",
                "fixtures"
            ],
            "time": "2012-10-29 02:32:06"
        },
        {
            "name": "mehlah/li3_populator",
            "version": "dev-master",
            "source": {
                "type": "git",
                "url": "https://github.com/mehlah/li3_populator.git",
                "reference": "040cf182f7ffc006649b6254c5565682532b9cce"
            },
            "dist": {
                "type": "zip",
                "url": "https://api.github.com/repos/mehlah/li3_populator/zipball/040cf182f7ffc006649b6254c5565682532b9cce",
                "reference": "040cf182f7ffc006649b6254c5565682532b9cce",
                "shasum": ""
            },
            "require": {
                "composer/installers": "*",
                "fzaninotto/faker": "1.1.*"
            },
            "suggest": {
                "UnionOfRAD/lithium": "Lithium is required for this plugin.",
                "fzaninotto/faker": "Faker is a PHP library that generates fake data for you."
            },
            "type": "lithium-library",
            "notification-url": "https://packagist.org/downloads/",
            "license": [
                "MIT"
            ],
            "authors": [
                {
                    "name": "Mehdi Lahmam B.",
                    "email": "mehdi@lahmam.com"
                }
            ],
            "description": "Populate a database with mass insertion",
            "keywords": [
                "faker",
                "fixtures"
            ],
            "time": "2012-12-30 22:34:28"
        },
        {
            "name": "mehlah/li3_rest",
            "version": "dev-master",
            "source": {
                "type": "git",
                "url": "https://github.com/mehlah/li3_rest.git",
                "reference": "d047e3c2c7ed0c1e90e2d65ef1118be41f8bff2a"
            },
            "dist": {
                "type": "zip",
                "url": "https://api.github.com/repos/mehlah/li3_rest/zipball/d047e3c2c7ed0c1e90e2d65ef1118be41f8bff2a",
                "reference": "d047e3c2c7ed0c1e90e2d65ef1118be41f8bff2a",
                "shasum": ""
            },
            "require": {
                "composer/installers": "*"
            },
            "type": "lithium-library",
            "description": "This plugin allows you to quickly declare all of the common routes for a given resourceful controller.",
            "support": {
                "source": "https://github.com/mehlah/li3_rest/tree/master",
                "issues": "https://github.com/mehlah/li3_rest/issues"
            },
            "time": "2013-01-13 20:33:59"
        },
        {
            "name": "mehlah/li3_time_helper",
            "version": "dev-master",
            "source": {
                "type": "git",
                "url": "https://github.com/mehlah/li3_time_helper.git",
                "reference": "713bb603e90c22c95dcd443f41c1f4cbb864ebd5"
            },
            "dist": {
                "type": "zip",
                "url": "https://api.github.com/repos/mehlah/li3_time_helper/zipball/713bb603e90c22c95dcd443f41c1f4cbb864ebd5",
                "reference": "713bb603e90c22c95dcd443f41c1f4cbb864ebd5",
                "shasum": ""
            },
            "require": {
                "composer/installers": "*"
            },
            "type": "lithium-library",
            "authors": [
                {
                    "name": "Mehdi Lahmam B.",
                    "email": "mehdi@lahmam.com"
                }
            ],
            "description": "Lithium Date/Time helper.",
            "support": {
                "source": "https://github.com/mehlah/li3_time_helper/tree/master",
                "issues": "https://github.com/mehlah/li3_time_helper/issues"
            },
            "time": "2012-12-30 01:04:47"
        },
        {
            "name": "michaelhue/li3_flash_message",
            "version": "dev-master",
            "source": {
                "type": "git",
                "url": "https://github.com/michaelhue/li3_flash_message.git",
                "reference": "618e44c69099b9df5cf154b646363c5ad619690b"
            },
            "dist": {
                "type": "zip",
                "url": "https://api.github.com/repos/michaelhue/li3_flash_message/zipball/618e44c69099b9df5cf154b646363c5ad619690b",
                "reference": "618e44c69099b9df5cf154b646363c5ad619690b",
                "shasum": ""
            },
            "require": {
                "composer/installers": "*"
            },
            "suggest": {
                "UnionOfRAD/lithium": "Lithium is required for this plugin."
            },
            "type": "lithium-library",
            "notification-url": "https://packagist.org/downloads/",
            "license": [
                "MIT"
            ],
            "authors": [
                {
                    "name": "Michael Hüneburg",
                    "email": "hello@michaelhue.com",
                    "homepage": "http://michaelhue.com",
                    "role": "Developer"
                }
            ],
            "description": "The Flash Message plugin  for Lithium provides a straightforward interface for displaying status messages to the user.",
            "time": "2012-12-05 11:57:11"
        },
        {
            "name": "michaelhue/li3_gravatar",
            "version": "dev-master",
            "source": {
                "type": "git",
                "url": "https://github.com/michaelhue/li3_gravatar.git",
                "reference": "950e945410d88ce34bc51498717846a40d8d8c00"
            },
            "dist": {
                "type": "zip",
                "url": "https://api.github.com/repos/michaelhue/li3_gravatar/zipball/950e945410d88ce34bc51498717846a40d8d8c00",
                "reference": "950e945410d88ce34bc51498717846a40d8d8c00",
                "shasum": ""
            },
            "require": {
                "composer/installers": "*"
            },
            "suggest": {
                "UnionOfRAD/lithium": "Lithium is required for this plugin."
            },
            "type": "lithium-library",
            "notification-url": "https://packagist.org/downloads/",
            "license": [
                "MIT"
            ],
            "authors": [
                {
                    "name": "Michael Hüneburg",
                    "email": "hello@michaelhue.com",
                    "homepage": "http://michaelhue.com",
                    "role": "Developer"
                }
            ],
            "description": "The Lithium Gravatar plugin (Li3 Gravatar) allows you to interact with Gravatar (http://gravatar.com) images and profiles. It provides a helper for displaying Gravatars and a model for requesting user profiles from Gravatar.",
            "time": "2013-06-01 09:55:21"
        },
        {
            "name": "unionofrad/lithium",
            "version": "dev-master",
            "target-dir": "lithium",
            "source": {
                "type": "git",
                "url": "https://github.com/UnionOfRAD/lithium.git",
                "reference": "f0b19ab410257a6411bf8b6990737e4518faf827"
            },
            "dist": {
                "type": "zip",
                "url": "https://api.github.com/repos/UnionOfRAD/lithium/zipball/f0b19ab410257a6411bf8b6990737e4518faf827",
                "reference": "f0b19ab410257a6411bf8b6990737e4518faf827",
                "shasum": ""
            },
            "require": {
                "php": ">=5.3.6"
            },
            "bin": [
                "console/li3"
            ],
            "type": "library",
            "autoload": {
                "psr-0": {
                    "lithium": ""
                }
            },
            "notification-url": "https://packagist.org/downloads/",
            "license": [
                "BSD-3-Clause"
            ],
            "authors": [
                {
                    "name": "Union of RAD",
                    "homepage": "http://union-of-rad.org"
                },
                {
                    "name": "The Lithium Community",
                    "homepage": "http://github.com/UnionOfRAD/lithium/graphs/contributors"
                }
            ],
            "description": "The core library of the Lithium PHP framework",
            "homepage": "http://lithify.me",
            "keywords": [
                "framework",
                "lithium"
            ],
            "time": "2013-05-21 13:12:39"
        }
    ],
    "packages-dev": [

    ],
    "aliases": [

    ],
    "minimum-stability": "stable",
    "stability-flags": {
        "unionofrad/lithium": 20,
        "daschl/li3_server": 20,
        "michaelhue/li3_gravatar": 20,
        "michaelhue/li3_flash_message": 20,
        "mehlah/li3_rest": 20,
        "mehlah/li3_time_helper": 20,
        "mehlah/li3_populator": 20,
        "bruensicke/li3_activities": 20,
        "composer/installers": 20
    },
    "platform": [

    ],
    "platform-dev": [

    ]
}
